// !$*UTF8*$!
{
	archiveVersion = 1;
	classes = {
	};
	objectVersion = 46;
	objects = {

/* Begin PBXBuildFile section */
		76F3394F1D621B9900AAF6AF /* main.m in Sources */ = {isa = PBXBuildFile; fileRef = 76F3394E1D621B9900AAF6AF /* main.m */; };
		76F339521D621B9900AAF6AF /* AppDelegate.m in Sources */ = {isa = PBXBuildFile; fileRef = 76F339511D621B9900AAF6AF /* AppDelegate.m */; };
		76F339551D621B9900AAF6AF /* ViewController.m in Sources */ = {isa = PBXBuildFile; fileRef = 76F339541D621B9900AAF6AF /* ViewController.m */; };
		76F339581D621B9900AAF6AF /* Main.storyboard in Resources */ = {isa = PBXBuildFile; fileRef = 76F339561D621B9900AAF6AF /* Main.storyboard */; };
		76F3395A1D621B9900AAF6AF /* Assets.xcassets in Resources */ = {isa = PBXBuildFile; fileRef = 76F339591D621B9900AAF6AF /* Assets.xcassets */; };
		76F3395D1D621B9900AAF6AF /* LaunchScreen.storyboard in Resources */ = {isa = PBXBuildFile; fileRef = 76F3395B1D621B9900AAF6AF /* LaunchScreen.storyboard */; };
		76F339671D621C7C00AAF6AF /* YKAlertView.m in Sources */ = {isa = PBXBuildFile; fileRef = 76F339661D621C7C00AAF6AF /* YKAlertView.m */; };
/* End PBXBuildFile section */

/* Begin PBXFileReference section */
		76F3394A1D621B9900AAF6AF /* YKAlertView.app */ = {isa = PBXFileReference; explicitFileType = wrapper.application; includeInIndex = 0; path = YKAlertView.app; sourceTree = BUILT_PRODUCTS_DIR; };
		76F3394E1D621B9900AAF6AF /* main.m */ = {isa = PBXFileReference; lastKnownFileType = sourcecode.c.objc; path = main.m; sourceTree = "<group>"; };
		76F339501D621B9900AAF6AF /* AppDelegate.h */ = {isa = PBXFileReference; lastKnownFileType = sourcecode.c.h; path = AppDelegate.h; sourceTree = "<group>"; };
		76F339511D621B9900AAF6AF /* AppDelegate.m */ = {isa = PBXFileReference; lastKnownFileType = sourcecode.c.objc; path = AppDelegate.m; sourceTree = "<group>"; };
		76F339531D621B9900AAF6AF /* ViewController.h */ = {isa = PBXFileReference; lastKnownFileType = sourcecode.c.h; path = ViewController.h; sourceTree = "<group>"; };
		76F339541D621B9900AAF6AF /* ViewController.m */ = {isa = PBXFileReference; lastKnownFileType = sourcecode.c.objc; path = ViewController.m; sourceTree = "<group>"; };
		76F339571D621B9900AAF6AF /* Base */ = {isa = PBXFileReference; lastKnownFileType = file.storyboard; name = Base; path = Base.lproj/Main.storyboard; sourceTree = "<group>"; };
		76F339591D621B9900AAF6AF /* Assets.xcassets */ = {isa = PBXFileReference; lastKnownFileType = folder.assetcatalog; path = Assets.xcassets; sourceTree = "<group>"; };
		76F3395C1D621B9900AAF6AF /* Base */ = {isa = PBXFileReference; lastKnownFileType = file.storyboard; name = Base; path = Base.lproj/LaunchScreen.storyboard; sourceTree = "<group>"; };
		76F3395E1D621B9900AAF6AF /* Info.plist */ = {isa = PBXFileReference; lastKnownFileType = text.plist.xml; path = Info.plist; sourceTree = "<group>"; };
		76F339651D621C7C00AAF6AF /* YKAlertView.h */ = {isa = PBXFileReference; fileEncoding = 4; lastKnownFileType = sourcecode.c.h; path = YKAlertView.h; sourceTree = "<group>"; };
		76F339661D621C7C00AAF6AF /* YKAlertView.m */ = {isa = PBXFileReference; fileEncoding = 4; lastKnownFileType = sourcecode.c.objc; path = YKAlertView.m; sourceTree = "<group>"; };
/* End PBXFileReference section */

/* Begin PBXFrameworksBuildPhase section */
		76F339471D621B9900AAF6AF /* Frameworks */ = {
			isa = PBXFrameworksBuildPhase;
			buildActionMask = 2147483647;
			files = (
			);
			runOnlyForDeploymentPostprocessing = 0;
		};
/* End PBXFrameworksBuildPhase section */

/* Begin PBXGroup section */
		76F339411D621B9900AAF6AF = {
			isa = PBXGroup;
			children = (
				76F3394C1D621B9900AAF6AF /* YKAlertView */,
				76F3394B1D621B9900AAF6AF /* Products */,
			);
			sourceTree = "<group>";
		};
		76F3394B1D621B9900AAF6AF /* Products */ = {
			isa = PBXGroup;
			children = (
				76F3394A1D621B9900AAF6AF /* YKAlertView.app */,
			);
			name = Products;
			sourceTree = "<group>";
		};
		76F3394C1D621B9900AAF6AF /* YKAlertView */ = {
			isa = PBXGroup;
			children = (
				76F339641D621C7C00AAF6AF /* YKAlertView */,
				76F339501D621B9900AAF6AF /* AppDelegate.h */,
				76F339511D621B9900AAF6AF /* AppDelegate.m */,
				76F339531D621B9900AAF6AF /* ViewController.h */,
				76F339541D621B9900AAF6AF /* ViewController.m */,
				76F339561D621B9900AAF6AF /* Main.storyboard */,
				76F339591D621B9900AAF6AF /* Assets.xcassets */,
				76F3395B1D621B9900AAF6AF /* LaunchScreen.storyboard */,
				76F3395E1D621B9900AAF6AF /* Info.plist */,
				76F3394D1D621B9900AAF6AF /* Supporting Files */,
			);
			path = YKAlertView;
			sourceTree = "<group>";
		};
		76F3394D1D621B9900AAF6AF /* Supporting Files */ = {
			isa = PBXGroup;
			children = (
				76F3394E1D621B9900AAF6AF /* main.m */,
			);
			name = "Supporting Files";
			sourceTree = "<group>";
		};
		76F339641D621C7C00AAF6AF /* YKAlertView */ = {
			isa = PBXGroup;
			children = (
				76F339651D621C7C00AAF6AF /* YKAlertView.h */,
				76F339661D621C7C00AAF6AF /* YKAlertView.m */,
			);
			path = YKAlertView;
			sourceTree = "<group>";
		};
/* End PBXGroup section */

/* Begin PBXNativeTarget section */
		76F339491D621B9900AAF6AF /* YKAlertView */ = {
			isa = PBXNativeTarget;
			buildConfigurationList = 76F339611D621B9900AAF6AF /* Build configuration list for PBXNativeTarget "YKAlertView" */;
			buildPhases = (
				76F339461D621B9900AAF6AF /* Sources */,
				76F339471D621B9900AAF6AF /* Frameworks */,
				76F339481D621B9900AAF6AF /* Resources */,
			);
			buildRules = (
			);
			dependencies = (
			);
			name = YKAlertView;
			productName = YKAlertView;
			productReference = 76F3394A1D621B9900AAF6AF /* YKAlertView.app */;
			productType = "com.apple.product-type.application";
		};
/* End PBXNativeTarget section */

/* Begin PBXProject section */
		76F339421D621B9900AAF6AF /* Project object */ = {
			isa = PBXProject;
			attributes = {
				LastUpgradeCheck = 0730;
				ORGANIZATIONNAME = zhangyuanke;
				TargetAttributes = {
					76F339491D621B9900AAF6AF = {
						CreatedOnToolsVersion = 7.3.1;
					};
				};
			};
			buildConfigurationList = 76F339451D621B9900AAF6AF /* Build configuration list for PBXProject "YKAlertView" */;
			compatibilityVersion = "Xcode 3.2";
			developmentRegion = English;
			hasScannedForEncodings = 0;
			knownRegions = (
				en,
				Base,
			);
			mainGroup = 76F339411D621B9900AAF6AF;
			productRefGroup = 76F3394B1D621B9900AAF6AF /* Products */;
			projectDirPath = "";
			projectRoot = "";
			targets = (
				76F339491D621B9900AAF6AF /* YKAlertView */,
			);
		};
/* End PBXProject section */

/* Begin PBXResourcesBuildPhase section */
		76F339481D621B9900AAF6AF /* Resources */ = {
			isa = PBXResourcesBuildPhase;
			buildActionMask = 2147483647;
			files = (
				76F3395D1D621B9900AAF6AF /* LaunchScreen.storyboard in Resources */,
				76F3395A1D621B9900AAF6AF /* Assets.xcassets in Resources */,
				76F339581D621B9900AAF6AF /* Main.storyboard in Resources */,
			);
			runOnlyForDeploymentPostprocessing = 0;
		};
/* End PBXResourcesBuildPhase section */

/* Begin PBXSourcesBuildPhase section */
		76F339461D621B9900AAF6AF /* Sources */ = {
			isa = PBXSourcesBuildPhase;
			buildActionMask = 2147483647;
			files = (
				76F339551D621B9900AAF6AF /* ViewController.m in Sources */,
				76F339521D621B9900AAF6AF /* AppDelegate.m in Sources */,
				76F3394F1D621B9900AAF6AF /* main.m in Sources */,
				76F339671D621C7C00AAF6AF /* YKAlertView.m in Sources */,
			);
			runOnlyForDeploymentPostprocessing = 0;
		};
/* End PBXSourcesBuildPhase section */

/* Begin PBXVariantGroup section */
		76F339561D621B9900AAF6AF /* Main.storyboard */ = {
			isa = PBXVariantGroup;
			children = (
				76F339571D621B9900AAF6AF /* Base */,
			);
			name = Main.storyboard;
			sourceTree = "<group>";
		};
		76F3395B1D621B9900AAF6AF /* LaunchScreen.storyboard */ = {
			isa = PBXVariantGroup;
			children = (
				76F3395C1D621B9900AAF6AF /* Base */,
			);
			name = LaunchScreen.storyboard;
			sourceTree = "<group>";
		};
/* End PBXVariantGroup section */

/* Begin XCBuildConfiguration section */
		76F3395F1D621B9900AAF6AF /* Debug */ = {
			isa = XCBuildConfiguration;
			buildSettings = {
				ALWAYS_SEARCH_USER_PATHS = NO;
				CLANG_ANALYZER_NONNULL = YES;
				CLANG_CXX_LANGUAGE_STANDARD = "gnu++0x";
				CLANG_CXX_LIBRARY = "libc++";
				CLANG_ENABLE_MODULES = YES;
				CLANG_ENABLE_OBJC_ARC = YES;
				CLANG_WARN_BOOL_CONVERSION = YES;
				CLANG_WARN_CONSTANT_CONVERSION = YES;
				CLANG_WARN_DIRECT_OBJC_ISA_USAGE = YES_ERROR;
				CLANG_WARN_EMPTY_BODY = YES;
				CLANG_WARN_ENUM_CONVERSION = YES;
				CLANG_WARN_INT_CONVERSION = YES;
				CLANG_WARN_OBJC_ROOT_CLASS = YES_ERROR;
				CLANG_WARN_UNREACHABLE_CODE = YES;
				CLANG_WARN__DUPLICATE_METHOD_MATCH = YES;
				"CODE_SIGN_IDENTITY[sdk=iphoneos*]" = "iPhone Developer";
				COPY_PHASE_STRIP = NO;
				DEBUG_INFORMATION_FORMAT = dwarf;
				ENABLE_STRICT_OBJC_MSGSEND = YES;
				ENABLE_TESTABILITY = YES;
				GCC_C_LANGUAGE_STANDARD = gnu99;
				GCC_DYNAMIC_NO_PIC = NO;
				GCC_NO_COMMON_BLOCKS = YES;
				GCC_OPTIMIZATION_LEVEL = 0;
				GCC_PREPROCESSOR_DEFINITIONS = (
					"DEBUG=1",
					"$(inherited)",
				);
				GCC_WARN_64_TO_32_BIT_CONVERSION = YES;
				GCC_WARN_ABOUT_RETURN_TYPE = YES_ERROR;
				GCC_WARN_UNDECLARED_SELECTOR = YES;
				GCC_WARN_UNINITIALIZED_AUTOS = YES_AGGRESSIVE;
				GCC_WARN_UNUSED_FUNCTION = YES;
				GCC_WARN_UNUSED_VARIABLE = YES;
				IPHONEOS_DEPLOYMENT_TARGET = 9.3;
				MTL_ENABLE_DEBUG_INFO = YES;
				ONLY_ACTIVE_ARCH = YES;
				SDKROOT = iphoneos;
			};
			name = Debug;
		};
		76F339601D621B9900AAF6AF /* Release */ = {
			isa = XCBuildConfiguration;
			buildSettings = {
				ALWAYS_SEARCH_USER_PATHS = NO;
				CLANG_ANALYZER_NONNULL = YES;
				CLANG_CXX_LANGUAGE_STANDARD = "gnu++0x";
				CLANG_CXX_LIBRARY = "libc++";
				CLANG_ENABLE_MODULES = YES;
				CLANG_ENABLE_OBJC_ARC = YES;
				CLANG_WARN_BOOL_CONVERSION = YES;
				CLANG_WARN_CONSTANT_CONVERSION = YES;
				CLANG_WARN_DIRECT_OBJC_ISA_USAGE = YES_ERROR;
				CLANG_WARN_EMPTY_BODY = YES;
				CLANG_WARN_ENUM_CONVERSION = YES;
				CLANG_WARN_INT_CONVERSION = YES;
				CLANG_WARN_OBJC_ROOT_CLASS = YES_ERROR;
				CLANG_WARN_UNREACHABLE_CODE = YES;
				CLANG_WARN__DUPLICATE_METHOD_MATCH = YES;
				"CODE_SIGN_IDENTITY[sdk=iphoneos*]" = "iPhone Developer";
				COPY_PHASE_STRIP = NO;
				DEBUG_INFORMATION_FORMAT = "dwarf-with-dsym";
				ENABLE_NS_ASSERTIONS = NO;
				ENABLE_STRICT_OBJC_MSGSEND = YES;
				GCC_C_LANGUAGE_STANDARD = gnu99;
				GCC_NO_COMMON_BLOCKS = YES;
				GCC_WARN_64_TO_32_BIT_CONVERSION = YES;
				GCC_WARN_ABOUT_RETURN_TYPE = YES_ERROR;
				GCC_WARN_UNDECLARED_SELECTOR = YES;
				GCC_WARN_UNINITIALIZED_AUTOS = YES_AGGRESSIVE;
				GCC_WARN_UNUSED_FUNCTION = YES;
				GCC_WARN_UNUSED_VARIABLE = YES;
				IPHONEOS_DEPLOYMENT_TARGET = 9.3;
				MTL_ENABLE_DEBUG_INFO = NO;
				SDKROOT = iphoneos;
				VALIDATE_PRODUCT = YES;
			};
			name = Release;
		};
		76F339621D621B9900AAF6AF /* Debug */ = {
			isa = XCBuildConfiguration;
			buildSettings = {
				ASSETCATALOG_COMPILER_APPICON_NAME = AppIcon;
				INFOPLIST_FILE = YKAlertView/Info.plist;
				LD_RUNPATH_SEARCH_PATHS = "$(inherited) @executable_path/Frameworks";
				PRODUCT_BUNDLE_IDENTIFIER = com.ishowmap.YKAlertView;
				PRODUCT_NAME = "$(TARGET_NAME)";
			};
			name = Debug;
		};
		76F339631D621B9900AAF6AF /* Release */ = {
			isa = XCBuildConfiguration;
			buildSettings = {
				ASSETCATALOG_COMPILER_APPICON_NAME = AppIcon;
				INFOPLIST_FILE = YKAlertView/Info.plist;
				LD_RUNPATH_SEARCH_PATHS = "$(inherited) @executable_path/Frameworks";
				PRODUCT_BUNDLE_IDENTIFIER = com.ishowmap.YKAlertView;
				PRODUCT_NAME = "$(TARGET_NAME)";
			};
			name = Release;
		};
/* End XCBuildConfiguration section */

/* Begin XCConfigurationList section */
		76F339451D621B9900AAF6AF /* Build configuration list for PBXProject "YKAlertView" */ = {
			isa = XCConfigurationList;
			buildConfigurations = (
				76F3395F1D621B9900AAF6AF /* Debug */,
				76F339601D621B9900AAF6AF /* Release */,
			);
			defaultConfigurationIsVisible = 0;
			defaultConfigurationName = Release;
		};
		76F339611D621B9900AAF6AF /* Build configuration list for PBXNativeTarget "YKAlertView" */ = {
			isa = XCConfigurationList;
			buildConfigurations = (
				76F339621D621B9900AAF6AF /* Debug */,
				76F339631D621B9900AAF6AF /* Release */,
			);
			defaultConfigurationIsVisible = 0;
			defaultConfigurationName = Release;
		};
/* End XCConfigurationList section */
	};
	rootObject = 76F339421D621B9900AAF6AF /* Project object */;
}
